{
  "name": "example",
  "version": "1.0.0",
  "lockfileVersion": 2,
  "requires": true,
  "packages": {
    "": {
      "name": "example",
      "version": "1.0.0",
      "license": "ISC",
      "devDependencies": {
        "monoql": "file:.."
      }
    },
    "..": {
      "name": "monoql",
      "version": "1.0.0",
      "dev": true,
      "license": "MIT",
      "dependencies": {
        "@digitak/esrun": "^3.2.21",
        "glob": "^8.1.0",
        "graphql": "^16.6.0",
        "ts-morph": "^17.0.1",
        "yargs": "^17.7.1"
      },
      "bin": {
        "monoql": "dist/bin.js"
      },
      "devDependencies": {
        "@types/glob": "^8.1.0",
        "@types/node": "^18.14.1",
        "@types/yargs": "^17.0.22",
        "ts-node": "^10.9.1"
      }
    },
    "node_modules/monoql": {
      "resolved": "..",
      "link": true
    }
  },
  "dependencies": {
    "monoql": {
      "version": "file:..",
      "requires": {
        "@digitak/esrun": "^3.2.21",
        "@types/glob": "^8.1.0",
        "@types/node": "^18.14.1",
        "@types/yargs": "^17.0.22",
        "glob": "^8.1.0",
        "graphql": "^16.6.0",
        "ts-morph": "^17.0.1",
        "ts-node": "^10.9.1",
        "yargs": "^17.7.1"
      }
    }
  }
}
